
Microsoft Visual Studio Solution File, Format Version 12.00
# Visual Studio 15
VisualStudioVersion = 15.0.27110.0
MinimumVisualStudioVersion = 10.0.40219.1
Project("{9092AA53-FB77-4645-B42D-1CCCA6BD08BD}") = "async-demo", "async-demo\async-demo.njsproj", "{605F1936-8980-4C16-8308-F93EF6A157CD}"
EndProject
Global
	GlobalSection(SolutionConfigurationPlatforms) = preSolution
		Debug|Any CPU = Debug|Any CPU
		Release|Any CPU = Release|Any CPU
	EndGlobalSection
	GlobalSection(ProjectConfigurationPlatforms) = postSolution
		{605F1936-8980-4C16-8308-F93EF6A157CD}.Debug|Any CPU.ActiveCfg = Debug|Any CPU
		{605F1936-8980-4C16-8308-F93EF6A157CD}.Debug|Any CPU.Build.0 = Debug|Any CPU
		{605F1936-8980-4C16-8308-F93EF6A157CD}.Release|Any CPU.ActiveCfg = Release|Any CPU
		{605F1936-8980-4C16-8308-F93EF6A157CD}.Release|Any CPU.Build.0 = Release|Any CPU
	EndGlobalSection
	GlobalSection(SolutionProperties) = preSolution
		HideSolutionNode = FALSE
	EndGlobalSection
	GlobalSection(ExtensibilityGlobals) = postSolution
		SolutionGuid = {13C8E5F5-8C9A-4545-ADDA-DD84E18F42FA}
	EndGlobalSection
EndGlobal
